
Microsoft Visual Studio Solution File, Format Version 12.00
# Visual Studio 2012
Project("{8BC9CEB8-8B4A-11D0-8D11-00A0C91BC942}") = "oncrpc", "oncrpc_VC11.vcxproj", "{07E0AE00-4954-4C81-9D43-1EC9671B755D}"
EndProject
Project("{8BC9CEB8-8B4A-11D0-8D11-00A0C91BC942}") = "liboncrpc", "liboncrpc_VC11.vcxproj", "{B9668F29-017E-47F1-AEE2-7158D224856C}"
EndProject
Global
	GlobalSection(SolutionConfigurationPlatforms) = preSolution
		Debug R16 x64|Win32 = Debug R16 x64|Win32
		Debug R16 x64|x64 = Debug R16 x64|x64
		Debug_AFR4|Win32 = Debug_AFR4|Win32
		Debug_AFR4|x64 = Debug_AFR4|x64
		Debug_AFR5|Win32 = Debug_AFR5|Win32
		Debug_AFR5|x64 = Debug_AFR5|x64
		Debug|Win32 = Debug|Win32
		Debug|x64 = Debug|x64
		PM Settings|Win32 = PM Settings|Win32
		PM Settings|x64 = PM Settings|x64
		Release R16 x64|Win32 = Release R16 x64|Win32
		Release R16 x64|x64 = Release R16 x64|x64
		Release_AFR4|Win32 = Release_AFR4|Win32
		Release_AFR4|x64 = Release_AFR4|x64
		Release_AFR5|Win32 = Release_AFR5|Win32
		Release_AFR5|x64 = Release_AFR5|x64
		Release_all_platforms|Win32 = Release_all_platforms|Win32
		Release_all_platforms|x64 = Release_all_platforms|x64
		Release|Win32 = Release|Win32
		Release|x64 = Release|x64
	EndGlobalSection
	GlobalSection(ProjectConfigurationPlatforms) = postSolution
		{07E0AE00-4954-4C81-9D43-1EC9671B755D}.Debug R16 x64|Win32.ActiveCfg = Debug R16 x64|Win32
		{07E0AE00-4954-4C81-9D43-1EC9671B755D}.Debug R16 x64|Win32.Build.0 = Debug R16 x64|Win32
		{07E0AE00-4954-4C81-9D43-1EC9671B755D}.Debug R16 x64|x64.ActiveCfg = Debug R16 x64|x64
		{07E0AE00-4954-4C81-9D43-1EC9671B755D}.Debug R16 x64|x64.Build.0 = Debug R16 x64|x64
		{07E0AE00-4954-4C81-9D43-1EC9671B755D}.Debug_AFR4|Win32.ActiveCfg = Debug_AFR4|Win32
		{07E0AE00-4954-4C81-9D43-1EC9671B755D}.Debug_AFR4|Win32.Build.0 = Debug_AFR4|Win32
		{07E0AE00-4954-4C81-9D43-1EC9671B755D}.Debug_AFR4|x64.ActiveCfg = Debug_AFR4|x64
		{07E0AE00-4954-4C81-9D43-1EC9671B755D}.Debug_AFR4|x64.Build.0 = Debug_AFR4|x64
		{07E0AE00-4954-4C81-9D43-1EC9671B755D}.Debug_AFR5|Win32.ActiveCfg = Debug_AFR5|Win32
		{07E0AE00-4954-4C81-9D43-1EC9671B755D}.Debug_AFR5|Win32.Build.0 = Debug_AFR5|Win32
		{07E0AE00-4954-4C81-9D43-1EC9671B755D}.Debug_AFR5|x64.ActiveCfg = Debug_AFR5|x64
		{07E0AE00-4954-4C81-9D43-1EC9671B755D}.Debug_AFR5|x64.Build.0 = Debug_AFR5|x64
		{07E0AE00-4954-4C81-9D43-1EC9671B755D}.Debug|Win32.ActiveCfg = Debug|Win32
		{07E0AE00-4954-4C81-9D43-1EC9671B755D}.Debug|Win32.Build.0 = Debug|Win32
		{07E0AE00-4954-4C81-9D43-1EC9671B755D}.Debug|x64.ActiveCfg = Debug|x64
		{07E0AE00-4954-4C81-9D43-1EC9671B755D}.Debug|x64.Build.0 = Debug|x64
		{07E0AE00-4954-4C81-9D43-1EC9671B755D}.PM Settings|Win32.ActiveCfg = PM Settings|Win32
		{07E0AE00-4954-4C81-9D43-1EC9671B755D}.PM Settings|Win32.Build.0 = PM Settings|Win32
		{07E0AE00-4954-4C81-9D43-1EC9671B755D}.PM Settings|x64.ActiveCfg = PM Settings|x64
		{07E0AE00-4954-4C81-9D43-1EC9671B755D}.PM Settings|x64.Build.0 = PM Settings|x64
		{07E0AE00-4954-4C81-9D43-1EC9671B755D}.Release R16 x64|Win32.ActiveCfg = Release R16 x64|Win32
		{07E0AE00-4954-4C81-9D43-1EC9671B755D}.Release R16 x64|Win32.Build.0 = Release R16 x64|Win32
		{07E0AE00-4954-4C81-9D43-1EC9671B755D}.Release R16 x64|x64.ActiveCfg = Release R16 x64|x64
		{07E0AE00-4954-4C81-9D43-1EC9671B755D}.Release R16 x64|x64.Build.0 = Release R16 x64|x64
		{07E0AE00-4954-4C81-9D43-1EC9671B755D}.Release_AFR4|Win32.ActiveCfg = Release_AFR4|Win32
		{07E0AE00-4954-4C81-9D43-1EC9671B755D}.Release_AFR4|Win32.Build.0 = Release_AFR4|Win32
		{07E0AE00-4954-4C81-9D43-1EC9671B755D}.Release_AFR4|x64.ActiveCfg = Release_AFR4|x64
		{07E0AE00-4954-4C81-9D43-1EC9671B755D}.Release_AFR4|x64.Build.0 = Release_AFR4|x64
		{07E0AE00-4954-4C81-9D43-1EC9671B755D}.Release_AFR5|Win32.ActiveCfg = Release_AFR5|Win32
		{07E0AE00-4954-4C81-9D43-1EC9671B755D}.Release_AFR5|Win32.Build.0 = Release_AFR5|Win32
		{07E0AE00-4954-4C81-9D43-1EC9671B755D}.Release_AFR5|x64.ActiveCfg = Release_AFR5|x64
		{07E0AE00-4954-4C81-9D43-1EC9671B755D}.Release_AFR5|x64.Build.0 = Release_AFR5|x64
		{07E0AE00-4954-4C81-9D43-1EC9671B755D}.Release_all_platforms|Win32.ActiveCfg = Release_all_platforms|Win32
		{07E0AE00-4954-4C81-9D43-1EC9671B755D}.Release_all_platforms|Win32.Build.0 = Release_all_platforms|Win32
		{07E0AE00-4954-4C81-9D43-1EC9671B755D}.Release_all_platforms|x64.ActiveCfg = Release_all_platforms|x64
		{07E0AE00-4954-4C81-9D43-1EC9671B755D}.Release_all_platforms|x64.Build.0 = Release_all_platforms|x64
		{07E0AE00-4954-4C81-9D43-1EC9671B755D}.Release|Win32.ActiveCfg = Release|Win32
		{07E0AE00-4954-4C81-9D43-1EC9671B755D}.Release|Win32.Build.0 = Release|Win32
		{07E0AE00-4954-4C81-9D43-1EC9671B755D}.Release|x64.ActiveCfg = Release|x64
		{07E0AE00-4954-4C81-9D43-1EC9671B755D}.Release|x64.Build.0 = Release|x64
		{B9668F29-017E-47F1-AEE2-7158D224856C}.Debug R16 x64|Win32.ActiveCfg = Debug R16 x64|Win32
		{B9668F29-017E-47F1-AEE2-7158D224856C}.Debug R16 x64|Win32.Build.0 = Debug R16 x64|Win32
		{B9668F29-017E-47F1-AEE2-7158D224856C}.Debug R16 x64|x64.ActiveCfg = Debug R16 x64|x64
		{B9668F29-017E-47F1-AEE2-7158D224856C}.Debug R16 x64|x64.Build.0 = Debug R16 x64|x64
		{B9668F29-017E-47F1-AEE2-7158D224856C}.Debug_AFR4|Win32.ActiveCfg = Debug_AFR4|Win32
		{B9668F29-017E-47F1-AEE2-7158D224856C}.Debug_AFR4|Win32.Build.0 = Debug_AFR4|Win32
		{B9668F29-017E-47F1-AEE2-7158D224856C}.Debug_AFR4|x64.ActiveCfg = Debug_AFR4|x64
		{B9668F29-017E-47F1-AEE2-7158D224856C}.Debug_AFR4|x64.Build.0 = Debug_AFR4|x64
		{B9668F29-017E-47F1-AEE2-7158D224856C}.Debug_AFR5|Win32.ActiveCfg = Debug_AFR5|Win32
		{B9668F29-017E-47F1-AEE2-7158D224856C}.Debug_AFR5|Win32.Build.0 = Debug_AFR5|Win32
		{B9668F29-017E-47F1-AEE2-7158D224856C}.Debug_AFR5|x64.ActiveCfg = Debug_AFR5|x64
		{B9668F29-017E-47F1-AEE2-7158D224856C}.Debug_AFR5|x64.Build.0 = Debug_AFR5|x64
		{B9668F29-017E-47F1-AEE2-7158D224856C}.Debug|Win32.ActiveCfg = Debug|Win32
		{B9668F29-017E-47F1-AEE2-7158D224856C}.Debug|Win32.Build.0 = Debug|Win32
		{B9668F29-017E-47F1-AEE2-7158D224856C}.Debug|x64.ActiveCfg = Debug|x64
		{B9668F29-017E-47F1-AEE2-7158D224856C}.Debug|x64.Build.0 = Debug|x64
		{B9668F29-017E-47F1-AEE2-7158D224856C}.PM Settings|Win32.ActiveCfg = PM Settings|Win32
		{B9668F29-017E-47F1-AEE2-7158D224856C}.PM Settings|Win32.Build.0 = PM Settings|Win32
		{B9668F29-017E-47F1-AEE2-7158D224856C}.PM Settings|x64.ActiveCfg = PM Settings|x64
		{B9668F29-017E-47F1-AEE2-7158D224856C}.PM Settings|x64.Build.0 = PM Settings|x64
		{B9668F29-017E-47F1-AEE2-7158D224856C}.Release R16 x64|Win32.ActiveCfg = Release R16 x64|Win32
		{B9668F29-017E-47F1-AEE2-7158D224856C}.Release R16 x64|Win32.Build.0 = Release R16 x64|Win32
		{B9668F29-017E-47F1-AEE2-7158D224856C}.Release R16 x64|x64.ActiveCfg = Release R16 x64|x64
		{B9668F29-017E-47F1-AEE2-7158D224856C}.Release R16 x64|x64.Build.0 = Release R16 x64|x64
		{B9668F29-017E-47F1-AEE2-7158D224856C}.Release_AFR4|Win32.ActiveCfg = Release_AFR4|Win32
		{B9668F29-017E-47F1-AEE2-7158D224856C}.Release_AFR4|Win32.Build.0 = Release_AFR4|Win32
		{B9668F29-017E-47F1-AEE2-7158D224856C}.Release_AFR4|x64.ActiveCfg = Release_AFR4|x64
		{B9668F29-017E-47F1-AEE2-7158D224856C}.Release_AFR4|x64.Build.0 = Release_AFR4|x64
		{B9668F29-017E-47F1-AEE2-7158D224856C}.Release_AFR5|Win32.ActiveCfg = Release_AFR5|Win32
		{B9668F29-017E-47F1-AEE2-7158D224856C}.Release_AFR5|Win32.Build.0 = Release_AFR5|Win32
		{B9668F29-017E-47F1-AEE2-7158D224856C}.Release_AFR5|x64.ActiveCfg = Release_AFR5|x64
		{B9668F29-017E-47F1-AEE2-7158D224856C}.Release_AFR5|x64.Build.0 = Release_AFR5|x64
		{B9668F29-017E-47F1-AEE2-7158D224856C}.Release_all_platforms|Win32.ActiveCfg = Release_all_platforms|Win32
		{B9668F29-017E-47F1-AEE2-7158D224856C}.Release_all_platforms|Win32.Build.0 = Release_all_platforms|Win32
		{B9668F29-017E-47F1-AEE2-7158D224856C}.Release_all_platforms|x64.ActiveCfg = Release_all_platforms|x64
		{B9668F29-017E-47F1-AEE2-7158D224856C}.Release_all_platforms|x64.Build.0 = Release_all_platforms|x64
		{B9668F29-017E-47F1-AEE2-7158D224856C}.Release|Win32.ActiveCfg = Release|Win32
		{B9668F29-017E-47F1-AEE2-7158D224856C}.Release|Win32.Build.0 = Release|Win32
		{B9668F29-017E-47F1-AEE2-7158D224856C}.Release|x64.ActiveCfg = Release|x64
		{B9668F29-017E-47F1-AEE2-7158D224856C}.Release|x64.Build.0 = Release|x64
	EndGlobalSection
	GlobalSection(SolutionProperties) = preSolution
		HideSolutionNode = FALSE
	EndGlobalSection
EndGlobal
